
Microsoft Visual Studio Solution File, Format Version 12.00
# Visual Studio Version 17
VisualStudioVersion = 17.11.35312.102
MinimumVisualStudioVersion = 10.0.40219.1
Project("{8BC9CEB8-8B4A-11D0-8D11-00A0C91BC942}") = "Day01", "Day01\Day01.vcxproj", "{4CDD076F-F762-42D4-B006-7119BF5EDD86}"
EndProject
Project("{8BC9CEB8-8B4A-11D0-8D11-00A0C91BC942}") = "Day02", "Day02\Day02.vcxproj", "{46C7821D-E7C8-4B83-8484-232895A8613C}"
EndProject
Project("{8BC9CEB8-8B4A-11D0-8D11-00A0C91BC942}") = "Day03", "Day03\Day03.vcxproj", "{814B72DD-2B25-47DD-AC47-492741B219C4}"
EndProject
Project("{8BC9CEB8-8B4A-11D0-8D11-00A0C91BC942}") = "Day04", "Day04\Day04.vcxproj", "{8B1BDAF0-31F2-4FB7-83A2-8EE88B2939AB}"
EndProject
Project("{8BC9CEB8-8B4A-11D0-8D11-00A0C91BC942}") = "Day05", "Day05\Day05.vcxproj", "{C1DEF856-2C09-4F36-B687-535FBDF2D908}"
EndProject
Project("{8BC9CEB8-8B4A-11D0-8D11-00A0C91BC942}") = "Day06", "Day06\Day06.vcxproj", "{163F99B4-B6D0-4766-AADA-3053239570B1}"
EndProject
Project("{8BC9CEB8-8B4A-11D0-8D11-00A0C91BC942}") = "Day07", "Day07\Day07.vcxproj", "{850D7BFD-8D46-4DBF-86FE-309B599CE3BC}"
EndProject
Project("{8BC9CEB8-8B4A-11D0-8D11-00A0C91BC942}") = "Day08", "Day08\Day08.vcxproj", "{CA1269E4-C62B-4574-A528-85B41E8F1286}"
EndProject
Project("{8BC9CEB8-8B4A-11D0-8D11-00A0C91BC942}") = "Day09", "Day09\Day09.vcxproj", "{F2D0D875-4D53-414D-8743-0D43E90BB531}"
EndProject
Project("{8BC9CEB8-8B4A-11D0-8D11-00A0C91BC942}") = "Day10", "Day10\Day10.vcxproj", "{38E9C904-0124-4763-BCFB-93173829B22D}"
EndProject
Project("{8BC9CEB8-8B4A-11D0-8D11-00A0C91BC942}") = "Day11", "Day11\Day11.vcxproj", "{1941D21B-C515-419C-A53C-6072D5AF5E52}"
EndProject
Global
	GlobalSection(SolutionConfigurationPlatforms) = preSolution
		Debug|x64 = Debug|x64
		Debug|x86 = Debug|x86
		Release|x64 = Release|x64
		Release|x86 = Release|x86
	EndGlobalSection
	GlobalSection(ProjectConfigurationPlatforms) = postSolution
		{4CDD076F-F762-42D4-B006-7119BF5EDD86}.Debug|x64.ActiveCfg = Debug|x64
		{4CDD076F-F762-42D4-B006-7119BF5EDD86}.Debug|x64.Build.0 = Debug|x64
		{4CDD076F-F762-42D4-B006-7119BF5EDD86}.Debug|x86.ActiveCfg = Debug|Win32
		{4CDD076F-F762-42D4-B006-7119BF5EDD86}.Debug|x86.Build.0 = Debug|Win32
		{4CDD076F-F762-42D4-B006-7119BF5EDD86}.Release|x64.ActiveCfg = Release|x64
		{4CDD076F-F762-42D4-B006-7119BF5EDD86}.Release|x64.Build.0 = Release|x64
		{4CDD076F-F762-42D4-B006-7119BF5EDD86}.Release|x86.ActiveCfg = Release|Win32
		{4CDD076F-F762-42D4-B006-7119BF5EDD86}.Release|x86.Build.0 = Release|Win32
		{46C7821D-E7C8-4B83-8484-232895A8613C}.Debug|x64.ActiveCfg = Debug|x64
		{46C7821D-E7C8-4B83-8484-232895A8613C}.Debug|x64.Build.0 = Debug|x64
		{46C7821D-E7C8-4B83-8484-232895A8613C}.Debug|x86.ActiveCfg = Debug|Win32
		{46C7821D-E7C8-4B83-8484-232895A8613C}.Debug|x86.Build.0 = Debug|Win32
		{46C7821D-E7C8-4B83-8484-232895A8613C}.Release|x64.ActiveCfg = Release|x64
		{46C7821D-E7C8-4B83-8484-232895A8613C}.Release|x64.Build.0 = Release|x64
		{46C7821D-E7C8-4B83-8484-232895A8613C}.Release|x86.ActiveCfg = Release|Win32
		{46C7821D-E7C8-4B83-8484-232895A8613C}.Release|x86.Build.0 = Release|Win32
		{814B72DD-2B25-47DD-AC47-492741B219C4}.Debug|x64.ActiveCfg = Debug|x64
		{814B72DD-2B25-47DD-AC47-492741B219C4}.Debug|x64.Build.0 = Debug|x64
		{814B72DD-2B25-47DD-AC47-492741B219C4}.Debug|x86.ActiveCfg = Debug|Win32
		{814B72DD-2B25-47DD-AC47-492741B219C4}.Debug|x86.Build.0 = Debug|Win32
		{814B72DD-2B25-47DD-AC47-492741B219C4}.Release|x64.ActiveCfg = Release|x64
		{814B72DD-2B25-47DD-AC47-492741B219C4}.Release|x64.Build.0 = Release|x64
		{814B72DD-2B25-47DD-AC47-492741B219C4}.Release|x86.ActiveCfg = Release|Win32
		{814B72DD-2B25-47DD-AC47-492741B219C4}.Release|x86.Build.0 = Release|Win32
		{8B1BDAF0-31F2-4FB7-83A2-8EE88B2939AB}.Debug|x64.ActiveCfg = Debug|x64
		{8B1BDAF0-31F2-4FB7-83A2-8EE88B2939AB}.Debug|x64.Build.0 = Debug|x64
		{8B1BDAF0-31F2-4FB7-83A2-8EE88B2939AB}.Debug|x86.ActiveCfg = Debug|Win32
		{8B1BDAF0-31F2-4FB7-83A2-8EE88B2939AB}.Debug|x86.Build.0 = Debug|Win32
		{8B1BDAF0-31F2-4FB7-83A2-8EE88B2939AB}.Release|x64.ActiveCfg = Release|x64
		{8B1BDAF0-31F2-4FB7-83A2-8EE88B2939AB}.Release|x64.Build.0 = Release|x64
		{8B1BDAF0-31F2-4FB7-83A2-8EE88B2939AB}.Release|x86.ActiveCfg = Release|Win32
		{8B1BDAF0-31F2-4FB7-83A2-8EE88B2939AB}.Release|x86.Build.0 = Release|Win32
		{C1DEF856-2C09-4F36-B687-535FBDF2D908}.Debug|x64.ActiveCfg = Debug|x64
		{C1DEF856-2C09-4F36-B687-535FBDF2D908}.Debug|x64.Build.0 = Debug|x64
		{C1DEF856-2C09-4F36-B687-535FBDF2D908}.Debug|x86.ActiveCfg = Debug|Win32
		{C1DEF856-2C09-4F36-B687-535FBDF2D908}.Debug|x86.Build.0 = Debug|Win32
		{C1DEF856-2C09-4F36-B687-535FBDF2D908}.Release|x64.ActiveCfg = Release|x64
		{C1DEF856-2C09-4F36-B687-535FBDF2D908}.Release|x64.Build.0 = Release|x64
		{C1DEF856-2C09-4F36-B687-535FBDF2D908}.Release|x86.ActiveCfg = Release|Win32
		{C1DEF856-2C09-4F36-B687-535FBDF2D908}.Release|x86.Build.0 = Release|Win32
		{163F99B4-B6D0-4766-AADA-3053239570B1}.Debug|x64.ActiveCfg = Debug|x64
		{163F99B4-B6D0-4766-AADA-3053239570B1}.Debug|x64.Build.0 = Debug|x64
		{163F99B4-B6D0-4766-AADA-3053239570B1}.Debug|x86.ActiveCfg = Debug|Win32
		{163F99B4-B6D0-4766-AADA-3053239570B1}.Debug|x86.Build.0 = Debug|Win32
		{163F99B4-B6D0-4766-AADA-3053239570B1}.Release|x64.ActiveCfg = Release|x64
		{163F99B4-B6D0-4766-AADA-3053239570B1}.Release|x64.Build.0 = Release|x64
		{163F99B4-B6D0-4766-AADA-3053239570B1}.Release|x86.ActiveCfg = Release|Win32
		{163F99B4-B6D0-4766-AADA-3053239570B1}.Release|x86.Build.0 = Release|Win32
		{850D7BFD-8D46-4DBF-86FE-309B599CE3BC}.Debug|x64.ActiveCfg = Debug|x64
		{850D7BFD-8D46-4DBF-86FE-309B599CE3BC}.Debug|x64.Build.0 = Debug|x64
		{850D7BFD-8D46-4DBF-86FE-309B599CE3BC}.Debug|x86.ActiveCfg = Debug|Win32
		{850D7BFD-8D46-4DBF-86FE-309B599CE3BC}.Debug|x86.Build.0 = Debug|Win32
		{850D7BFD-8D46-4DBF-86FE-309B599CE3BC}.Release|x64.ActiveCfg = Release|x64
		{850D7BFD-8D46-4DBF-86FE-309B599CE3BC}.Release|x64.Build.0 = Release|x64
		{850D7BFD-8D46-4DBF-86FE-309B599CE3BC}.Release|x86.ActiveCfg = Release|Win32
		{850D7BFD-8D46-4DBF-86FE-309B599CE3BC}.Release|x86.Build.0 = Release|Win32
		{CA1269E4-C62B-4574-A528-85B41E8F1286}.Debug|x64.ActiveCfg = Debug|x64
		{CA1269E4-C62B-4574-A528-85B41E8F1286}.Debug|x64.Build.0 = Debug|x64
		{CA1269E4-C62B-4574-A528-85B41E8F1286}.Debug|x86.ActiveCfg = Debug|Win32
		{CA1269E4-C62B-4574-A528-85B41E8F1286}.Debug|x86.Build.0 = Debug|Win32
		{CA1269E4-C62B-4574-A528-85B41E8F1286}.Release|x64.ActiveCfg = Release|x64
		{CA1269E4-C62B-4574-A528-85B41E8F1286}.Release|x64.Build.0 = Release|x64
		{CA1269E4-C62B-4574-A528-85B41E8F1286}.Release|x86.ActiveCfg = Release|Win32
		{CA1269E4-C62B-4574-A528-85B41E8F1286}.Release|x86.Build.0 = Release|Win32
		{F2D0D875-4D53-414D-8743-0D43E90BB531}.Debug|x64.ActiveCfg = Debug|x64
		{F2D0D875-4D53-414D-8743-0D43E90BB531}.Debug|x64.Build.0 = Debug|x64
		{F2D0D875-4D53-414D-8743-0D43E90BB531}.Debug|x86.ActiveCfg = Debug|Win32
		{F2D0D875-4D53-414D-8743-0D43E90BB531}.Debug|x86.Build.0 = Debug|Win32
		{F2D0D875-4D53-414D-8743-0D43E90BB531}.Release|x64.ActiveCfg = Release|x64
		{F2D0D875-4D53-414D-8743-0D43E90BB531}.Release|x64.Build.0 = Release|x64
		{F2D0D875-4D53-414D-8743-0D43E90BB531}.Release|x86.ActiveCfg = Release|Win32
		{F2D0D875-4D53-414D-8743-0D43E90BB531}.Release|x86.Build.0 = Release|Win32
		{38E9C904-0124-4763-BCFB-93173829B22D}.Debug|x64.ActiveCfg = Debug|x64
		{38E9C904-0124-4763-BCFB-93173829B22D}.Debug|x64.Build.0 = Debug|x64
		{38E9C904-0124-4763-BCFB-93173829B22D}.Debug|x86.ActiveCfg = Debug|Win32
		{38E9C904-0124-4763-BCFB-93173829B22D}.Debug|x86.Build.0 = Debug|Win32
		{38E9C904-0124-4763-BCFB-93173829B22D}.Release|x64.ActiveCfg = Release|x64
		{38E9C904-0124-4763-BCFB-93173829B22D}.Release|x64.Build.0 = Release|x64
		{38E9C904-0124-4763-BCFB-93173829B22D}.Release|x86.ActiveCfg = Release|Win32
		{38E9C904-0124-4763-BCFB-93173829B22D}.Release|x86.Build.0 = Release|Win32
		{1941D21B-C515-419C-A53C-6072D5AF5E52}.Debug|x64.ActiveCfg = Debug|x64
		{1941D21B-C515-419C-A53C-6072D5AF5E52}.Debug|x64.Build.0 = Debug|x64
		{1941D21B-C515-419C-A53C-6072D5AF5E52}.Debug|x86.ActiveCfg = Debug|Win32
		{1941D21B-C515-419C-A53C-6072D5AF5E52}.Debug|x86.Build.0 = Debug|Win32
		{1941D21B-C515-419C-A53C-6072D5AF5E52}.Release|x64.ActiveCfg = Release|x64
		{1941D21B-C515-419C-A53C-6072D5AF5E52}.Release|x64.Build.0 = Release|x64
		{1941D21B-C515-419C-A53C-6072D5AF5E52}.Release|x86.ActiveCfg = Release|Win32
		{1941D21B-C515-419C-A53C-6072D5AF5E52}.Release|x86.Build.0 = Release|Win32
	EndGlobalSection
	GlobalSection(SolutionProperties) = preSolution
		HideSolutionNode = FALSE
	EndGlobalSection
	GlobalSection(ExtensibilityGlobals) = postSolution
		SolutionGuid = {DD63BBB2-A4DF-411D-AEBE-05350C6477BB}
	EndGlobalSection
EndGlobal
